
Microsoft Visual Studio Solution File, Format Version 12.00
# Visual Studio Version 16
VisualStudioVersion = 16.0.30413.136
MinimumVisualStudioVersion = 10.0.40219.1
Project("{FAE04EC0-301F-11D3-BF4B-00C04F79EFBC}") = "Iteration_Statements_Exercise", "Iteration_Statements_Exercise\Iteration_Statements_Exercise.csproj", "{19498CE7-DE8B-4040-AFA7-8E987D28AAC9}"
EndProject
Global
	GlobalSection(SolutionConfigurationPlatforms) = preSolution
		Debug|Any CPU = Debug|Any CPU
		Release|Any CPU = Release|Any CPU
	EndGlobalSection
	GlobalSection(ProjectConfigurationPlatforms) = postSolution
		{19498CE7-DE8B-4040-AFA7-8E987D28AAC9}.Debug|Any CPU.ActiveCfg = Debug|Any CPU
		{19498CE7-DE8B-4040-AFA7-8E987D28AAC9}.Debug|Any CPU.Build.0 = Debug|Any CPU
		{19498CE7-DE8B-4040-AFA7-8E987D28AAC9}.Release|Any CPU.ActiveCfg = Release|Any CPU
		{19498CE7-DE8B-4040-AFA7-8E987D28AAC9}.Release|Any CPU.Build.0 = Release|Any CPU
	EndGlobalSection
	GlobalSection(SolutionProperties) = preSolution
		HideSolutionNode = FALSE
	EndGlobalSection
	GlobalSection(ExtensibilityGlobals) = postSolution
		SolutionGuid = {943E4C59-2A33-4657-B21C-75D289E63DD6}
	EndGlobalSection
EndGlobal
